// !$*UTF8*$!
{
	archiveVersion = 1;
	classes = {
	};
	objectVersion = 50;
	objects = {

/* Begin PBXBuildFile section */
		6983D4A12519CECE009EFB96 /* BookLogApp.swift in Sources */ = {isa = PBXBuildFile; fileRef = 6983D4A02519CECE009EFB96 /* BookLogApp.swift */; };
		6983D4A32519CECE009EFB96 /* ContentView.swift in Sources */ = {isa = PBXBuildFile; fileRef = 6983D4A22519CECE009EFB96 /* ContentView.swift */; };
		6983D4A52519CECE009EFB96 /* Assets.xcassets in Resources */ = {isa = PBXBuildFile; fileRef = 6983D4A42519CECE009EFB96 /* Assets.xcassets */; };
		6983D4A82519CECE009EFB96 /* Preview Assets.xcassets in Resources */ = {isa = PBXBuildFile; fileRef = 6983D4A72519CECE009EFB96 /* Preview Assets.xcassets */; };
		6983D4B32519CECF009EFB96 /* BookLogTests.swift in Sources */ = {isa = PBXBuildFile; fileRef = 6983D4B22519CECF009EFB96 /* BookLogTests.swift */; };
		6983D4BE2519CECF009EFB96 /* BookLogUITests.swift in Sources */ = {isa = PBXBuildFile; fileRef = 6983D4BD2519CECF009EFB96 /* BookLogUITests.swift */; };
		6983D4D72519CF6A009EFB96 /* BookList.swift in Sources */ = {isa = PBXBuildFile; fileRef = 6983D4D62519CF6A009EFB96 /* BookList.swift */; };
		6983D4DC2519D1F8009EFB96 /* Book.swift in Sources */ = {isa = PBXBuildFile; fileRef = 6983D4DB2519D1F8009EFB96 /* Book.swift */; };
		698590032519D2FB0040D80A /* BookItem.swift in Sources */ = {isa = PBXBuildFile; fileRef = 698590022519D2FB0040D80A /* BookItem.swift */; };
		698590102519DA400040D80A /* BookData.swift in Sources */ = {isa = PBXBuildFile; fileRef = 6985900F2519DA400040D80A /* BookData.swift */; };
		698590182519F0620040D80A /* BookDetail.swift in Sources */ = {isa = PBXBuildFile; fileRef = 698590172519F0620040D80A /* BookDetail.swift */; };
		698590202519F0F00040D80A /* DateFormatter+default.swift in Sources */ = {isa = PBXBuildFile; fileRef = 6985901F2519F0F00040D80A /* DateFormatter+default.swift */; };
		69DBED91251AE71000052F6F /* BookDataManager.swift in Sources */ = {isa = PBXBuildFile; fileRef = 69DBED90251AE71000052F6F /* BookDataManager.swift */; };
/* End PBXBuildFile section */

/* Begin PBXContainerItemProxy section */
		6983D4AF2519CECE009EFB96 /* PBXContainerItemProxy */ = {
			isa = PBXContainerItemProxy;
			containerPortal = 6983D4952519CECE009EFB96 /* Project object */;
			proxyType = 1;
			remoteGlobalIDString = 6983D49C2519CECE009EFB96;
			remoteInfo = BookLog;
		};
		6983D4BA2519CECF009EFB96 /* PBXContainerItemProxy */ = {
			isa = PBXContainerItemProxy;
			containerPortal = 6983D4952519CECE009EFB96 /* Project object */;
			proxyType = 1;
			remoteGlobalIDString = 6983D49C2519CECE009EFB96;
			remoteInfo = BookLog;
		};
/* End PBXContainerItemProxy section */

/* Begin PBXFileReference section */
		6983D49D2519CECE009EFB96 /* BookLog.app */ = {isa = PBXFileReference; explicitFileType = wrapper.application; includeInIndex = 0; path = BookLog.app; sourceTree = BUILT_PRODUCTS_DIR; };
		6983D4A02519CECE009EFB96 /* BookLogApp.swift */ = {isa = PBXFileReference; lastKnownFileType = sourcecode.swift; path = BookLogApp.swift; sourceTree = "<group>"; };
		6983D4A22519CECE009EFB96 /* ContentView.swift */ = {isa = PBXFileReference; lastKnownFileType = sourcecode.swift; path = ContentView.swift; sourceTree = "<group>"; };
		6983D4A42519CECE009EFB96 /* Assets.xcassets */ = {isa = PBXFileReference; lastKnownFileType = folder.assetcatalog; path = Assets.xcassets; sourceTree = "<group>"; };
		6983D4A72519CECE009EFB96 /* Preview Assets.xcassets */ = {isa = PBXFileReference; lastKnownFileType = folder.assetcatalog; path = "Preview Assets.xcassets"; sourceTree = "<group>"; };
		6983D4A92519CECE009EFB96 /* Info.plist */ = {isa = PBXFileReference; lastKnownFileType = text.plist.xml; path = Info.plist; sourceTree = "<group>"; };
		6983D4AE2519CECE009EFB96 /* BookLogTests.xctest */ = {isa = PBXFileReference; explicitFileType = wrapper.cfbundle; includeInIndex = 0; path = BookLogTests.xctest; sourceTree = BUILT_PRODUCTS_DIR; };
		6983D4B22519CECF009EFB96 /* BookLogTests.swift */ = {isa = PBXFileReference; lastKnownFileType = sourcecode.swift; path = BookLogTests.swift; sourceTree = "<group>"; };
		6983D4B42519CECF009EFB96 /* Info.plist */ = {isa = PBXFileReference; lastKnownFileType = text.plist.xml; path = Info.plist; sourceTree = "<group>"; };
		6983D4B92519CECF009EFB96 /* BookLogUITests.xctest */ = {isa = PBXFileReference; explicitFileType = wrapper.cfbundle; includeInIndex = 0; path = BookLogUITests.xctest; sourceTree = BUILT_PRODUCTS_DIR; };
		6983D4BD2519CECF009EFB96 /* BookLogUITests.swift */ = {isa = PBXFileReference; lastKnownFileType = sourcecode.swift; path = BookLogUITests.swift; sourceTree = "<group>"; };
		6983D4BF2519CECF009EFB96 /* Info.plist */ = {isa = PBXFileReference; lastKnownFileType = text.plist.xml; path = Info.plist; sourceTree = "<group>"; };
		6983D4D62519CF6A009EFB96 /* BookList.swift */ = {isa = PBXFileReference; lastKnownFileType = sourcecode.swift; path = BookList.swift; sourceTree = "<group>"; };
		6983D4DB2519D1F8009EFB96 /* Book.swift */ = {isa = PBXFileReference; lastKnownFileType = sourcecode.swift; path = Book.swift; sourceTree = "<group>"; };
		698590022519D2FB0040D80A /* BookItem.swift */ = {isa = PBXFileReference; lastKnownFileType = sourcecode.swift; path = BookItem.swift; sourceTree = "<group>"; };
		6985900F2519DA400040D80A /* BookData.swift */ = {isa = PBXFileReference; lastKnownFileType = sourcecode.swift; path = BookData.swift; sourceTree = "<group>"; };
		698590172519F0620040D80A /* BookDetail.swift */ = {isa = PBXFileReference; lastKnownFileType = sourcecode.swift; path = BookDetail.swift; sourceTree = "<group>"; };
		6985901F2519F0F00040D80A /* DateFormatter+default.swift */ = {isa = PBXFileReference; lastKnownFileType = sourcecode.swift; path = "DateFormatter+default.swift"; sourceTree = "<group>"; };
		69DBED90251AE71000052F6F /* BookDataManager.swift */ = {isa = PBXFileReference; lastKnownFileType = sourcecode.swift; path = BookDataManager.swift; sourceTree = "<group>"; };
/* End PBXFileReference section */

/* Begin PBXFrameworksBuildPhase section */
		6983D49A2519CECE009EFB96 /* Frameworks */ = {
			isa = PBXFrameworksBuildPhase;
			buildActionMask = 2147483647;
			files = (
			);
			runOnlyForDeploymentPostprocessing = 0;
		};
		6983D4AB2519CECE009EFB96 /* Frameworks */ = {
			isa = PBXFrameworksBuildPhase;
			buildActionMask = 2147483647;
			files = (
			);
			runOnlyForDeploymentPostprocessing = 0;
		};
		6983D4B62519CECF009EFB96 /* Frameworks */ = {
			isa = PBXFrameworksBuildPhase;
			buildActionMask = 2147483647;
			files = (
			);
			runOnlyForDeploymentPostprocessing = 0;
		};
/* End PBXFrameworksBuildPhase section */

/* Begin PBXGroup section */
		6983D4942519CECE009EFB96 = {
			isa = PBXGroup;
			children = (
				6983D49F2519CECE009EFB96 /* BookLog */,
				6983D4B12519CECF009EFB96 /* BookLogTests */,
				6983D4BC2519CECF009EFB96 /* BookLogUITests */,
				6983D49E2519CECE009EFB96 /* Products */,
			);
			sourceTree = "<group>";
		};
		6983D49E2519CECE009EFB96 /* Products */ = {
			isa = PBXGroup;
			children = (
				6983D49D2519CECE009EFB96 /* BookLog.app */,
				6983D4AE2519CECE009EFB96 /* BookLogTests.xctest */,
				6983D4B92519CECF009EFB96 /* BookLogUITests.xctest */,
			);
			name = Products;
			sourceTree = "<group>";
		};
		6983D49F2519CECE009EFB96 /* BookLog */ = {
			isa = PBXGroup;
			children = (
				6983D4A02519CECE009EFB96 /* BookLogApp.swift */,
				6983D4A22519CECE009EFB96 /* ContentView.swift */,
				6983D4D62519CF6A009EFB96 /* BookList.swift */,
				698590022519D2FB0040D80A /* BookItem.swift */,
				698590172519F0620040D80A /* BookDetail.swift */,
				6983D4DB2519D1F8009EFB96 /* Book.swift */,
				6985900F2519DA400040D80A /* BookData.swift */,
				69DBED90251AE71000052F6F /* BookDataManager.swift */,
				6985901F2519F0F00040D80A /* DateFormatter+default.swift */,
				6983D4A42519CECE009EFB96 /* Assets.xcassets */,
				6983D4A92519CECE009EFB96 /* Info.plist */,
				6983D4A62519CECE009EFB96 /* Preview Content */,
			);
			path = BookLog;
			sourceTree = "<group>";
		};
		6983D4A62519CECE009EFB96 /* Preview Content */ = {
			isa = PBXGroup;
			children = (
				6983D4A72519CECE009EFB96 /* Preview Assets.xcassets */,
			);
			path = "Preview Content";
			sourceTree = "<group>";
		};
		6983D4B12519CECF009EFB96 /* BookLogTests */ = {
			isa = PBXGroup;
			children = (
				6983D4B22519CECF009EFB96 /* BookLogTests.swift */,
				6983D4B42519CECF009EFB96 /* Info.plist */,
			);
			path = BookLogTests;
			sourceTree = "<group>";
		};
		6983D4BC2519CECF009EFB96 /* BookLogUITests */ = {
			isa = PBXGroup;
			children = (
				6983D4BD2519CECF009EFB96 /* BookLogUITests.swift */,
				6983D4BF2519CECF009EFB96 /* Info.plist */,
			);
			path = BookLogUITests;
			sourceTree = "<group>";
		};
/* End PBXGroup section */

/* Begin PBXNativeTarget section */
		6983D49C2519CECE009EFB96 /* BookLog */ = {
			isa = PBXNativeTarget;
			buildConfigurationList = 6983D4C22519CECF009EFB96 /* Build configuration list for PBXNativeTarget "BookLog" */;
			buildPhases = (
				6983D4992519CECE009EFB96 /* Sources */,
				6983D49A2519CECE009EFB96 /* Frameworks */,
				6983D49B2519CECE009EFB96 /* Resources */,
			);
			buildRules = (
			);
			dependencies = (
			);
			name = BookLog;
			productName = BookLog;
			productReference = 6983D49D2519CECE009EFB96 /* BookLog.app */;
			productType = "com.apple.product-type.application";
		};
		6983D4AD2519CECE009EFB96 /* BookLogTests */ = {
			isa = PBXNativeTarget;
			buildConfigurationList = 6983D4C52519CECF009EFB96 /* Build configuration list for PBXNativeTarget "BookLogTests" */;
			buildPhases = (
				6983D4AA2519CECE009EFB96 /* Sources */,
				6983D4AB2519CECE009EFB96 /* Frameworks */,
				6983D4AC2519CECE009EFB96 /* Resources */,
			);
			buildRules = (
			);
			dependencies = (
				6983D4B02519CECE009EFB96 /* PBXTargetDependency */,
			);
			name = BookLogTests;
			productName = BookLogTests;
			productReference = 6983D4AE2519CECE009EFB96 /* BookLogTests.xctest */;
			productType = "com.apple.product-type.bundle.unit-test";
		};
		6983D4B82519CECF009EFB96 /* BookLogUITests */ = {
			isa = PBXNativeTarget;
			buildConfigurationList = 6983D4C82519CECF009EFB96 /* Build configuration list for PBXNativeTarget "BookLogUITests" */;
			buildPhases = (
				6983D4B52519CECF009EFB96 /* Sources */,
				6983D4B62519CECF009EFB96 /* Frameworks */,
				6983D4B72519CECF009EFB96 /* Resources */,
			);
			buildRules = (
			);
			dependencies = (
				6983D4BB2519CECF009EFB96 /* PBXTargetDependency */,
			);
			name = BookLogUITests;
			productName = BookLogUITests;
			productReference = 6983D4B92519CECF009EFB96 /* BookLogUITests.xctest */;
			productType = "com.apple.product-type.bundle.ui-testing";
		};
/* End PBXNativeTarget section */

/* Begin PBXProject section */
		6983D4952519CECE009EFB96 /* Project object */ = {
			isa = PBXProject;
			attributes = {
				LastSwiftUpdateCheck = 1200;
				LastUpgradeCheck = 1200;
				TargetAttributes = {
					6983D49C2519CECE009EFB96 = {
						CreatedOnToolsVersion = 12.0;
					};
					6983D4AD2519CECE009EFB96 = {
						CreatedOnToolsVersion = 12.0;
						TestTargetID = 6983D49C2519CECE009EFB96;
					};
					6983D4B82519CECF009EFB96 = {
						CreatedOnToolsVersion = 12.0;
						TestTargetID = 6983D49C2519CECE009EFB96;
					};
				};
			};
			buildConfigurationList = 6983D4982519CECE009EFB96 /* Build configuration list for PBXProject "BookLog" */;
			compatibilityVersion = "Xcode 9.3";
			developmentRegion = en;
			hasScannedForEncodings = 0;
			knownRegions = (
				en,
				Base,
			);
			mainGroup = 6983D4942519CECE009EFB96;
			productRefGroup = 6983D49E2519CECE009EFB96 /* Products */;
			projectDirPath = "";
			projectRoot = "";
			targets = (
				6983D49C2519CECE009EFB96 /* BookLog */,
				6983D4AD2519CECE009EFB96 /* BookLogTests */,
				6983D4B82519CECF009EFB96 /* BookLogUITests */,
			);
		};
/* End PBXProject section */

/* Begin PBXResourcesBuildPhase section */
		6983D49B2519CECE009EFB96 /* Resources */ = {
			isa = PBXResourcesBuildPhase;
			buildActionMask = 2147483647;
			files = (
				6983D4A82519CECE009EFB96 /* Preview Assets.xcassets in Resources */,
				6983D4A52519CECE009EFB96 /* Assets.xcassets in Resources */,
			);
			runOnlyForDeploymentPostprocessing = 0;
		};
		6983D4AC2519CECE009EFB96 /* Resources */ = {
			isa = PBXResourcesBuildPhase;
			buildActionMask = 2147483647;
			files = (
			);
			runOnlyForDeploymentPostprocessing = 0;
		};
		6983D4B72519CECF009EFB96 /* Resources */ = {
			isa = PBXResourcesBuildPhase;
			buildActionMask = 2147483647;
			files = (
			);
			runOnlyForDeploymentPostprocessing = 0;
		};
/* End PBXResourcesBuildPhase section */

/* Begin PBXSourcesBuildPhase section */
		6983D4992519CECE009EFB96 /* Sources */ = {
			isa = PBXSourcesBuildPhase;
			buildActionMask = 2147483647;
			files = (
				6983D4DC2519D1F8009EFB96 /* Book.swift in Sources */,
				698590202519F0F00040D80A /* DateFormatter+default.swift in Sources */,
				6983D4D72519CF6A009EFB96 /* BookList.swift in Sources */,
				698590102519DA400040D80A /* BookData.swift in Sources */,
				698590032519D2FB0040D80A /* BookItem.swift in Sources */,
				6983D4A32519CECE009EFB96 /* ContentView.swift in Sources */,
				698590182519F0620040D80A /* BookDetail.swift in Sources */,
				6983D4A12519CECE009EFB96 /* BookLogApp.swift in Sources */,
				69DBED91251AE71000052F6F /* BookDataManager.swift in Sources */,
			);
			runOnlyForDeploymentPostprocessing = 0;
		};
		6983D4AA2519CECE009EFB96 /* Sources */ = {
			isa = PBXSourcesBuildPhase;
			buildActionMask = 2147483647;
			files = (
				6983D4B32519CECF009EFB96 /* BookLogTests.swift in Sources */,
			);
			runOnlyForDeploymentPostprocessing = 0;
		};
		6983D4B52519CECF009EFB96 /* Sources */ = {
			isa = PBXSourcesBuildPhase;
			buildActionMask = 2147483647;
			files = (
				6983D4BE2519CECF009EFB96 /* BookLogUITests.swift in Sources */,
			);
			runOnlyForDeploymentPostprocessing = 0;
		};
/* End PBXSourcesBuildPhase section */

/* Begin PBXTargetDependency section */
		6983D4B02519CECE009EFB96 /* PBXTargetDependency */ = {
			isa = PBXTargetDependency;
			target = 6983D49C2519CECE009EFB96 /* BookLog */;
			targetProxy = 6983D4AF2519CECE009EFB96 /* PBXContainerItemProxy */;
		};
		6983D4BB2519CECF009EFB96 /* PBXTargetDependency */ = {
			isa = PBXTargetDependency;
			target = 6983D49C2519CECE009EFB96 /* BookLog */;
			targetProxy = 6983D4BA2519CECF009EFB96 /* PBXContainerItemProxy */;
		};
/* End PBXTargetDependency section */

/* Begin XCBuildConfiguration section */
		6983D4C02519CECF009EFB96 /* Debug */ = {
			isa = XCBuildConfiguration;
			buildSettings = {
				ALWAYS_SEARCH_USER_PATHS = NO;
				CLANG_ANALYZER_NONNULL = YES;
				CLANG_ANALYZER_NUMBER_OBJECT_CONVERSION = YES_AGGRESSIVE;
				CLANG_CXX_LANGUAGE_STANDARD = "gnu++14";
				CLANG_CXX_LIBRARY = "libc++";
				CLANG_ENABLE_MODULES = YES;
				CLANG_ENABLE_OBJC_ARC = YES;
				CLANG_ENABLE_OBJC_WEAK = YES;
				CLANG_WARN_BLOCK_CAPTURE_AUTORELEASING = YES;
				CLANG_WARN_BOOL_CONVERSION = YES;
				CLANG_WARN_COMMA = YES;
				CLANG_WARN_CONSTANT_CONVERSION = YES;
				CLANG_WARN_DEPRECATED_OBJC_IMPLEMENTATIONS = YES;
				CLANG_WARN_DIRECT_OBJC_ISA_USAGE = YES_ERROR;
				CLANG_WARN_DOCUMENTATION_COMMENTS = YES;
				CLANG_WARN_EMPTY_BODY = YES;
				CLANG_WARN_ENUM_CONVERSION = YES;
				CLANG_WARN_INFINITE_RECURSION = YES;
				CLANG_WARN_INT_CONVERSION = YES;
				CLANG_WARN_NON_LITERAL_NULL_CONVERSION = YES;
				CLANG_WARN_OBJC_IMPLICIT_RETAIN_SELF = YES;
				CLANG_WARN_OBJC_LITERAL_CONVERSION = YES;
				CLANG_WARN_OBJC_ROOT_CLASS = YES_ERROR;
				CLANG_WARN_QUOTED_INCLUDE_IN_FRAMEWORK_HEADER = YES;
				CLANG_WARN_RANGE_LOOP_ANALYSIS = YES;
				CLANG_WARN_STRICT_PROTOTYPES = YES;
				CLANG_WARN_SUSPICIOUS_MOVE = YES;
				CLANG_WARN_UNGUARDED_AVAILABILITY = YES_AGGRESSIVE;
				CLANG_WARN_UNREACHABLE_CODE = YES;
				CLANG_WARN__DUPLICATE_METHOD_MATCH = YES;
				COPY_PHASE_STRIP = NO;
				DEBUG_INFORMATION_FORMAT = dwarf;
				ENABLE_STRICT_OBJC_MSGSEND = YES;
				ENABLE_TESTABILITY = YES;
				GCC_C_LANGUAGE_STANDARD = gnu11;
				GCC_DYNAMIC_NO_PIC = NO;
				GCC_NO_COMMON_BLOCKS = YES;
				GCC_OPTIMIZATION_LEVEL = 0;
				GCC_PREPROCESSOR_DEFINITIONS = (
					"DEBUG=1",
					"$(inherited)",
				);
				GCC_WARN_64_TO_32_BIT_CONVERSION = YES;
				GCC_WARN_ABOUT_RETURN_TYPE = YES_ERROR;
				GCC_WARN_UNDECLARED_SELECTOR = YES;
				GCC_WARN_UNINITIALIZED_AUTOS = YES_AGGRESSIVE;
				GCC_WARN_UNUSED_FUNCTION = YES;
				GCC_WARN_UNUSED_VARIABLE = YES;
				IPHONEOS_DEPLOYMENT_TARGET = 14.0;
				MTL_ENABLE_DEBUG_INFO = INCLUDE_SOURCE;
				MTL_FAST_MATH = YES;
				ONLY_ACTIVE_ARCH = YES;
				SDKROOT = iphoneos;
				SWIFT_ACTIVE_COMPILATION_CONDITIONS = DEBUG;
				SWIFT_OPTIMIZATION_LEVEL = "-Onone";
			};
			name = Debug;
		};
		6983D4C12519CECF009EFB96 /* Release */ = {
			isa = XCBuildConfiguration;
			buildSettings = {
				ALWAYS_SEARCH_USER_PATHS = NO;
				CLANG_ANALYZER_NONNULL = YES;
				CLANG_ANALYZER_NUMBER_OBJECT_CONVERSION = YES_AGGRESSIVE;
				CLANG_CXX_LANGUAGE_STANDARD = "gnu++14";
				CLANG_CXX_LIBRARY = "libc++";
				CLANG_ENABLE_MODULES = YES;
				CLANG_ENABLE_OBJC_ARC = YES;
				CLANG_ENABLE_OBJC_WEAK = YES;
				CLANG_WARN_BLOCK_CAPTURE_AUTORELEASING = YES;
				CLANG_WARN_BOOL_CONVERSION = YES;
				CLANG_WARN_COMMA = YES;
				CLANG_WARN_CONSTANT_CONVERSION = YES;
				CLANG_WARN_DEPRECATED_OBJC_IMPLEMENTATIONS = YES;
				CLANG_WARN_DIRECT_OBJC_ISA_USAGE = YES_ERROR;
				CLANG_WARN_DOCUMENTATION_COMMENTS = YES;
				CLANG_WARN_EMPTY_BODY = YES;
				CLANG_WARN_ENUM_CONVERSION = YES;
				CLANG_WARN_INFINITE_RECURSION = YES;
				CLANG_WARN_INT_CONVERSION = YES;
				CLANG_WARN_NON_LITERAL_NULL_CONVERSION = YES;
				CLANG_WARN_OBJC_IMPLICIT_RETAIN_SELF = YES;
				CLANG_WARN_OBJC_LITERAL_CONVERSION = YES;
				CLANG_WARN_OBJC_ROOT_CLASS = YES_ERROR;
				CLANG_WARN_QUOTED_INCLUDE_IN_FRAMEWORK_HEADER = YES;
				CLANG_WARN_RANGE_LOOP_ANALYSIS = YES;
				CLANG_WARN_STRICT_PROTOTYPES = YES;
				CLANG_WARN_SUSPICIOUS_MOVE = YES;
				CLANG_WARN_UNGUARDED_AVAILABILITY = YES_AGGRESSIVE;
				CLANG_WARN_UNREACHABLE_CODE = YES;
				CLANG_WARN__DUPLICATE_METHOD_MATCH = YES;
				COPY_PHASE_STRIP = NO;
				DEBUG_INFORMATION_FORMAT = "dwarf-with-dsym";
				ENABLE_NS_ASSERTIONS = NO;
				ENABLE_STRICT_OBJC_MSGSEND = YES;
				GCC_C_LANGUAGE_STANDARD = gnu11;
				GCC_NO_COMMON_BLOCKS = YES;
				GCC_WARN_64_TO_32_BIT_CONVERSION = YES;
				GCC_WARN_ABOUT_RETURN_TYPE = YES_ERROR;
				GCC_WARN_UNDECLARED_SELECTOR = YES;
				GCC_WARN_UNINITIALIZED_AUTOS = YES_AGGRESSIVE;
				GCC_WARN_UNUSED_FUNCTION = YES;
				GCC_WARN_UNUSED_VARIABLE = YES;
				IPHONEOS_DEPLOYMENT_TARGET = 14.0;
				MTL_ENABLE_DEBUG_INFO = NO;
				MTL_FAST_MATH = YES;
				SDKROOT = iphoneos;
				SWIFT_COMPILATION_MODE = wholemodule;
				SWIFT_OPTIMIZATION_LEVEL = "-O";
				VALIDATE_PRODUCT = YES;
			};
			name = Release;
		};
		6983D4C32519CECF009EFB96 /* Debug */ = {
			isa = XCBuildConfiguration;
			buildSettings = {
				ASSETCATALOG_COMPILER_APPICON_NAME = AppIcon;
				ASSETCATALOG_COMPILER_GLOBAL_ACCENT_COLOR_NAME = AccentColor;
				CODE_SIGN_STYLE = Automatic;
				DEVELOPMENT_ASSET_PATHS = "\"BookLog/Preview Content\"";
				DEVELOPMENT_TEAM = EBL648DP7E;
				ENABLE_PREVIEWS = YES;
				INFOPLIST_FILE = BookLog/Info.plist;
				IPHONEOS_DEPLOYMENT_TARGET = 14.0;
				LD_RUNPATH_SEARCH_PATHS = (
					"$(inherited)",
					"@executable_path/Frameworks",
				);
				PRODUCT_BUNDLE_IDENTIFIER = ml.zetablog.BookLog;
				PRODUCT_NAME = "$(TARGET_NAME)";
				SWIFT_VERSION = 5.0;
				TARGETED_DEVICE_FAMILY = "1,2";
			};
			name = Debug;
		};
		6983D4C42519CECF009EFB96 /* Release */ = {
			isa = XCBuildConfiguration;
			buildSettings = {
				ASSETCATALOG_COMPILER_APPICON_NAME = AppIcon;
				ASSETCATALOG_COMPILER_GLOBAL_ACCENT_COLOR_NAME = AccentColor;
				CODE_SIGN_STYLE = Automatic;
				DEVELOPMENT_ASSET_PATHS = "\"BookLog/Preview Content\"";
				DEVELOPMENT_TEAM = EBL648DP7E;
				ENABLE_PREVIEWS = YES;
				INFOPLIST_FILE = BookLog/Info.plist;
				IPHONEOS_DEPLOYMENT_TARGET = 14.0;
				LD_RUNPATH_SEARCH_PATHS = (
					"$(inherited)",
					"@executable_path/Frameworks",
				);
				PRODUCT_BUNDLE_IDENTIFIER = ml.zetablog.BookLog;
				PRODUCT_NAME = "$(TARGET_NAME)";
				SWIFT_VERSION = 5.0;
				TARGETED_DEVICE_FAMILY = "1,2";
			};
			name = Release;
		};
		6983D4C62519CECF009EFB96 /* Debug */ = {
			isa = XCBuildConfiguration;
			buildSettings = {
				ALWAYS_EMBED_SWIFT_STANDARD_LIBRARIES = YES;
				BUNDLE_LOADER = "$(TEST_HOST)";
				CODE_SIGN_STYLE = Automatic;
				DEVELOPMENT_TEAM = EBL648DP7E;
				INFOPLIST_FILE = BookLogTests/Info.plist;
				IPHONEOS_DEPLOYMENT_TARGET = 14.0;
				LD_RUNPATH_SEARCH_PATHS = (
					"$(inherited)",
					"@executable_path/Frameworks",
					"@loader_path/Frameworks",
				);
				PRODUCT_BUNDLE_IDENTIFIER = ml.zetablog.BookLogTests;
				PRODUCT_NAME = "$(TARGET_NAME)";
				SWIFT_VERSION = 5.0;
				TARGETED_DEVICE_FAMILY = "1,2";
				TEST_HOST = "$(BUILT_PRODUCTS_DIR)/BookLog.app/BookLog";
			};
			name = Debug;
		};
		6983D4C72519CECF009EFB96 /* Release */ = {
			isa = XCBuildConfiguration;
			buildSettings = {
				ALWAYS_EMBED_SWIFT_STANDARD_LIBRARIES = YES;
				BUNDLE_LOADER = "$(TEST_HOST)";
				CODE_SIGN_STYLE = Automatic;
				DEVELOPMENT_TEAM = EBL648DP7E;
				INFOPLIST_FILE = BookLogTests/Info.plist;
				IPHONEOS_DEPLOYMENT_TARGET = 14.0;
				LD_RUNPATH_SEARCH_PATHS = (
					"$(inherited)",
					"@executable_path/Frameworks",
					"@loader_path/Frameworks",
				);
				PRODUCT_BUNDLE_IDENTIFIER = ml.zetablog.BookLogTests;
				PRODUCT_NAME = "$(TARGET_NAME)";
				SWIFT_VERSION = 5.0;
				TARGETED_DEVICE_FAMILY = "1,2";
				TEST_HOST = "$(BUILT_PRODUCTS_DIR)/BookLog.app/BookLog";
			};
			name = Release;
		};
		6983D4C92519CECF009EFB96 /* Debug */ = {
			isa = XCBuildConfiguration;
			buildSettings = {
				ALWAYS_EMBED_SWIFT_STANDARD_LIBRARIES = YES;
				CODE_SIGN_STYLE = Automatic;
				DEVELOPMENT_TEAM = EBL648DP7E;
				INFOPLIST_FILE = BookLogUITests/Info.plist;
				LD_RUNPATH_SEARCH_PATHS = (
					"$(inherited)",
					"@executable_path/Frameworks",
					"@loader_path/Frameworks",
				);
				PRODUCT_BUNDLE_IDENTIFIER = ml.zetablog.BookLogUITests;
				PRODUCT_NAME = "$(TARGET_NAME)";
				SWIFT_VERSION = 5.0;
				TARGETED_DEVICE_FAMILY = "1,2";
				TEST_TARGET_NAME = BookLog;
			};
			name = Debug;
		};
		6983D4CA2519CECF009EFB96 /* Release */ = {
			isa = XCBuildConfiguration;
			buildSettings = {
				ALWAYS_EMBED_SWIFT_STANDARD_LIBRARIES = YES;
				CODE_SIGN_STYLE = Automatic;
				DEVELOPMENT_TEAM = EBL648DP7E;
				INFOPLIST_FILE = BookLogUITests/Info.plist;
				LD_RUNPATH_SEARCH_PATHS = (
					"$(inherited)",
					"@executable_path/Frameworks",
					"@loader_path/Frameworks",
				);
				PRODUCT_BUNDLE_IDENTIFIER = ml.zetablog.BookLogUITests;
				PRODUCT_NAME = "$(TARGET_NAME)";
				SWIFT_VERSION = 5.0;
				TARGETED_DEVICE_FAMILY = "1,2";
				TEST_TARGET_NAME = BookLog;
			};
			name = Release;
		};
/* End XCBuildConfiguration section */

/* Begin XCConfigurationList section */
		6983D4982519CECE009EFB96 /* Build configuration list for PBXProject "BookLog" */ = {
			isa = XCConfigurationList;
			buildConfigurations = (
				6983D4C02519CECF009EFB96 /* Debug */,
				6983D4C12519CECF009EFB96 /* Release */,
			);
			defaultConfigurationIsVisible = 0;
			defaultConfigurationName = Release;
		};
		6983D4C22519CECF009EFB96 /* Build configuration list for PBXNativeTarget "BookLog" */ = {
			isa = XCConfigurationList;
			buildConfigurations = (
				6983D4C32519CECF009EFB96 /* Debug */,
				6983D4C42519CECF009EFB96 /* Release */,
			);
			defaultConfigurationIsVisible = 0;
			defaultConfigurationName = Release;
		};
		6983D4C52519CECF009EFB96 /* Build configuration list for PBXNativeTarget "BookLogTests" */ = {
			isa = XCConfigurationList;
			buildConfigurations = (
				6983D4C62519CECF009EFB96 /* Debug */,
				6983D4C72519CECF009EFB96 /* Release */,
			);
			defaultConfigurationIsVisible = 0;
			defaultConfigurationName = Release;
		};
		6983D4C82519CECF009EFB96 /* Build configuration list for PBXNativeTarget "BookLogUITests" */ = {
			isa = XCConfigurationList;
			buildConfigurations = (
				6983D4C92519CECF009EFB96 /* Debug */,
				6983D4CA2519CECF009EFB96 /* Release */,
			);
			defaultConfigurationIsVisible = 0;
			defaultConfigurationName = Release;
		};
/* End XCConfigurationList section */
	};
	rootObject = 6983D4952519CECE009EFB96 /* Project object */;
}
